
Microsoft Visual Studio Solution File, Format Version 12.00
# Visual Studio Version 17
VisualStudioVersion = 17.6.33829.357
MinimumVisualStudioVersion = 10.0.40219.1
Project("{9A19103F-16F7-4668-BE54-9A1E7A4F7556}") = "TestTaskExplorer", "TestTaskExplorer.csproj", "{69478466-EDD5-450F-9448-F11515B4A160}"
EndProject
Global
	GlobalSection(SolutionConfigurationPlatforms) = preSolution
		Debug|Any CPU = Debug|Any CPU
		Release|Any CPU = Release|Any CPU
	EndGlobalSection
	GlobalSection(ProjectConfigurationPlatforms) = postSolution
		{69478466-EDD5-450F-9448-F11515B4A160}.Debug|Any CPU.ActiveCfg = Debug|Any CPU
		{69478466-EDD5-450F-9448-F11515B4A160}.Debug|Any CPU.Build.0 = Debug|Any CPU
		{69478466-EDD5-450F-9448-F11515B4A160}.Release|Any CPU.ActiveCfg = Release|Any CPU
		{69478466-EDD5-450F-9448-F11515B4A160}.Release|Any CPU.Build.0 = Release|Any CPU
	EndGlobalSection
	GlobalSection(SolutionProperties) = preSolution
		HideSolutionNode = FALSE
	EndGlobalSection
	GlobalSection(ExtensibilityGlobals) = postSolution
		SolutionGuid = {72BFA455-5748-4067-88C3-9526C829F1A3}
	EndGlobalSection
EndGlobal
